{
  "name": "temp",
  "version": "1.0.0",
  "lockfileVersion": 1,
  "requires": true,
  "dependencies": {
    "colors": {
      "version": "1.3.3",
      "resolved": "http://<your-azure-devops-server>/tfs/DefaultCollection/_packaging/<feed-name>/npm/registry/colors/-/colors-1.3.3.tgz",
      "integrity": "sha512-mmGt/1pZqYRjMxB1axhTo16/snVZ5krrKkcmMeVKxzECMMXoCgnvTPp10QgHfcbQZw8Dq2jMNG6je4JlWU0gWg==",
      "dev": true
    },
    "print-azure-devops": {
      "version": "1.0.3",
      "resolved": "http://<your-azure-devops-server>/tfs/DefaultCollection/_packaging/<feed-name>/npm/registry/print-azure-devops/-/print-azure-devops-1.0.3.tgz",
      "integrity": "sha1-+Hx7VdDsDECaL8tf5jx64Llx2tw=",
      "dev": true,
      "requires": {
        "colors": "~1.3.3"
      }
    }
  }
}