{
  "name": "rcp-deploy-az-function",
  "version": "0.1.0",
  "lockfileVersion": 1,
  "requires": true,
  "dependencies": {
    "@azure/functions": {
      "version": "1.0.2-beta2",
      "resolved": "https://registry.npmjs.org/@azure/functions/-/functions-1.0.2-beta2.tgz",
      "integrity": "sha512-/g8Z/g3z2zbLWL1anPugYW71BOM2ihrKaLZAkXy8aH/6/4ZShcfh8rMCAPuMuK8zMtxVXjVR+5FC4v2aJ9GJmQ==",
      "dev": true
    },
    "typescript": {
      "version": "3.3.3",
      "resolved": "https://registry.npmjs.org/typescript/-/typescript-3.3.3.tgz",
      "integrity": "sha512-Y21Xqe54TBVp+VDSNbuDYdGw0BpoR/Q6wo/+35M8PAU0vipahnyduJWirxxdxjsAkS7hue53x2zp8gz7F05u0A==",
      "dev": true
    }
  }
}
